
Microsoft Visual Studio Solution File, Format Version 12.00
# Visual Studio Version 17
VisualStudioVersion = 17.8.34322.80
MinimumVisualStudioVersion = 10.0.40219.1
Project("{FAE04EC0-301F-11D3-BF4B-00C04F79EFBC}") = "VkAkb", "VkAkb.csproj", "{19CBEDA3-111F-4F7D-9322-51D51CBC408C}"
EndProject
Global
	GlobalSection(SolutionConfigurationPlatforms) = preSolution
		Debug|Any CPU = Debug|Any CPU
		Release|Any CPU = Release|Any CPU
	EndGlobalSection
	GlobalSection(ProjectConfigurationPlatforms) = postSolution
		{19CBEDA3-111F-4F7D-9322-51D51CBC408C}.Debug|Any CPU.ActiveCfg = Debug|Any CPU
		{19CBEDA3-111F-4F7D-9322-51D51CBC408C}.Debug|Any CPU.Build.0 = Debug|Any CPU
		{19CBEDA3-111F-4F7D-9322-51D51CBC408C}.Release|Any CPU.ActiveCfg = Release|Any CPU
		{19CBEDA3-111F-4F7D-9322-51D51CBC408C}.Release|Any CPU.Build.0 = Release|Any CPU
	EndGlobalSection
	GlobalSection(SolutionProperties) = preSolution
		HideSolutionNode = FALSE
	EndGlobalSection
	GlobalSection(ExtensibilityGlobals) = postSolution
		SolutionGuid = {CBFBEBFF-9EFB-452D-A144-7EB606B3B3B1}
	EndGlobalSection
EndGlobal
